
Microsoft Visual Studio Solution File, Format Version 12.00
# Visual Studio Version 17
VisualStudioVersion = 17.13.35806.99 d17.13
MinimumVisualStudioVersion = 10.0.40219.1
Project("{FAE04EC0-301F-11D3-BF4B-00C04F79EFBC}") = "tarea2-enun1-robertson", "tarea2-enun1-robertson.csproj", "{8CA01AD8-C9D1-4447-95C6-A78DAA703379}"
EndProject
Global
	GlobalSection(SolutionConfigurationPlatforms) = preSolution
		Debug|Any CPU = Debug|Any CPU
		Release|Any CPU = Release|Any CPU
	EndGlobalSection
	GlobalSection(ProjectConfigurationPlatforms) = postSolution
		{8CA01AD8-C9D1-4447-95C6-A78DAA703379}.Debug|Any CPU.ActiveCfg = Debug|Any CPU
		{8CA01AD8-C9D1-4447-95C6-A78DAA703379}.Debug|Any CPU.Build.0 = Debug|Any CPU
		{8CA01AD8-C9D1-4447-95C6-A78DAA703379}.Release|Any CPU.ActiveCfg = Release|Any CPU
		{8CA01AD8-C9D1-4447-95C6-A78DAA703379}.Release|Any CPU.Build.0 = Release|Any CPU
	EndGlobalSection
	GlobalSection(SolutionProperties) = preSolution
		HideSolutionNode = FALSE
	EndGlobalSection
	GlobalSection(ExtensibilityGlobals) = postSolution
		SolutionGuid = {5D36D11B-918E-4CA3-A4B1-B3399EA99D9F}
	EndGlobalSection
EndGlobal
